<?xml version="1.0" encoding="utf-8"?>
<Project ToolsVersion="4.0" xmlns="http://schemas.microsoft.com/developer/msbuild/2003">
  <ItemGroup>
    <ClCompile Include="src\BasicComp\BasicComp.cpp">
      <Filter>源文件</Filter>
    </ClCompile>
    <ClCompile Include="src\Collider\Collider.cpp">
      <Filter>源文件</Filter>
    </ClCompile>
    <ClCompile Include="src\GameLogic\GameLogic.cpp">
      <Filter>源文件</Filter>
    </ClCompile>
    <ClCompile Include="src\glad.c">
      <Filter>源文件</Filter>
    </ClCompile>
    <ClCompile Include="src\main.cpp">
      <Filter>源文件</Filter>
    </ClCompile>
    <ClCompile Include="src\Model\Mesh.cpp">
      <Filter>源文件</Filter>
    </ClCompile>
    <ClCompile Include="src\Model\Model.cpp">
      <Filter>源文件</Filter>
    </ClCompile>
    <ClCompile Include="src\RenderEngine\RenderEngine.cpp">
      <Filter>源文件</Filter>
    </ClCompile>
    <ClCompile Include="src\ShaderProgram\Shader.cpp">
      <Filter>源文件</Filter>
    </ClCompile>
    <ClCompile Include="src\Model\Tank\Tank.cpp">
      <Filter>源文件</Filter>
    </ClCompile>
    <ClCompile Include="src\UI\UI.cpp">
      <Filter>源文件</Filter>
    </ClCompile>
    <ClCompile Include="src\ParticleSystem\ParticleSystem.cpp">
      <Filter>源文件</Filter>
    </ClCompile>
    <ClCompile Include="src\Cannonball\Cannonball.cpp">
      <Filter>源文件</Filter>
    </ClCompile>
  </ItemGroup>
  <ItemGroup>
    <ClInclude Include="src\BasicComp\BasicComp.h">
      <Filter>头文件</Filter>
    </ClInclude>
    <ClInclude Include="src\Camera\Camera.h">
      <Filter>头文件</Filter>
    </ClInclude>
    <ClInclude Include="src\Collider\Collider.h">
      <Filter>头文件</Filter>
    </ClInclude>
    <ClInclude Include="src\GameLogic\GameLogic.h">
      <Filter>头文件</Filter>
    </ClInclude>
    <ClInclude Include="src\Model\Mesh.h">
      <Filter>头文件</Filter>
    </ClInclude>
    <ClInclude Include="src\Model\Model.h">
      <Filter>头文件</Filter>
    </ClInclude>
    <ClInclude Include="src\RenderEngine\RenderEngine.h">
      <Filter>头文件</Filter>
    </ClInclude>
    <ClInclude Include="src\ShaderProgram\Shader.h">
      <Filter>头文件</Filter>
    </ClInclude>
    <ClInclude Include="src\Model\Tank\Tank.h">
      <Filter>头文件</Filter>
    </ClInclude>
    <ClInclude Include="src\Camera\ThirdPersonCamera.h">
      <Filter>头文件</Filter>
    </ClInclude>
    <ClInclude Include="src\UI\UI.h">
      <Filter>头文件</Filter>
    </ClInclude>
    <ClInclude Include="src\ParticleSystem\ParticleSystem.h">
      <Filter>头文件</Filter>
    </ClInclude>
    <ClInclude Include="src\Cannonball\Cannonball.h">
      <Filter>头文件</Filter>
    </ClInclude>
  </ItemGroup>
  <ItemGroup>
    <None Include="src\shaders\basicFragmentShader.frag">
      <Filter>资源文件</Filter>
    </None>
    <None Include="src\shaders\basicVertexShader.vertex">
      <Filter>资源文件</Filter>
    </None>
    <None Include="src\shaders\lightFragmentShader.frag">
      <Filter>资源文件</Filter>
    </None>
    <None Include="src\shaders\lightVertexShader.vertex">
      <Filter>资源文件</Filter>
    </None>
    <None Include="src\shaders\skyboxShader.frag">
      <Filter>资源文件</Filter>
    </None>
    <None Include="src\shaders\skyboxShader.vertex">
      <Filter>资源文件</Filter>
    </None>
    <None Include="src\shaders\2DFragmentShader.frag">
      <Filter>资源文件</Filter>
    </None>
    <None Include="src\shaders\2DVertexShader.vertex">
      <Filter>资源文件</Filter>
    </None>
    <None Include="src\shaders\characterFragmentShader.frag">
      <Filter>资源文件</Filter>
    </None>
    <None Include="src\shaders\characterVertexShader.vertex">
      <Filter>资源文件</Filter>
    </None>
    <None Include="src\shaders\billboardShader.frag">
      <Filter>资源文件</Filter>
    </None>
    <None Include="src\shaders\billboardShader.geo">
      <Filter>资源文件</Filter>
    </None>
    <None Include="src\shaders\billboardShader.vertex">
      <Filter>资源文件</Filter>
    </None>
  </ItemGroup>
  <ItemGroup>
    <Filter Include="头文件">
      <UniqueIdentifier>{ed020cc0-ff17-4294-980c-e91bba7608f9}</UniqueIdentifier>
    </Filter>
    <Filter Include="资源文件">
      <UniqueIdentifier>{e37e85e7-b526-41e1-8e2c-bb8d881ccba8}</UniqueIdentifier>
    </Filter>
    <Filter Include="源文件">
      <UniqueIdentifier>{a0249b11-5600-428b-b205-d7edd9bec3a4}</UniqueIdentifier>
    </Filter>
  </ItemGroup>
</Project>